
Microsoft Visual Studio Solution File, Format Version 12.00
# Visual Studio Version 17
VisualStudioVersion = 17.6.33829.357
MinimumVisualStudioVersion = 10.0.40219.1
Project("{FAE04EC0-301F-11D3-BF4B-00C04F79EFBC}") = "Hillel-C_sharp_pro-homework_1", "Hillel-C_sharp_pro-homework_1\Hillel-C_sharp_pro-homework_1.csproj", "{D021B674-1FB1-4BAE-8558-6EED386E6640}"
EndProject
Global
	GlobalSection(SolutionConfigurationPlatforms) = preSolution
		Debug|Any CPU = Debug|Any CPU
		Release|Any CPU = Release|Any CPU
	EndGlobalSection
	GlobalSection(ProjectConfigurationPlatforms) = postSolution
		{D021B674-1FB1-4BAE-8558-6EED386E6640}.Debug|Any CPU.ActiveCfg = Debug|Any CPU
		{D021B674-1FB1-4BAE-8558-6EED386E6640}.Debug|Any CPU.Build.0 = Debug|Any CPU
		{D021B674-1FB1-4BAE-8558-6EED386E6640}.Release|Any CPU.ActiveCfg = Release|Any CPU
		{D021B674-1FB1-4BAE-8558-6EED386E6640}.Release|Any CPU.Build.0 = Release|Any CPU
	EndGlobalSection
	GlobalSection(SolutionProperties) = preSolution
		HideSolutionNode = FALSE
	EndGlobalSection
	GlobalSection(ExtensibilityGlobals) = postSolution
		SolutionGuid = {98E6E3DA-52F3-4F96-8906-FE76DB4B1949}
	EndGlobalSection
EndGlobal
